
Microsoft Visual Studio Solution File, Format Version 12.00
# Visual Studio Version 17
VisualStudioVersion = 17.6.33723.286
MinimumVisualStudioVersion = 10.0.40219.1
Project("{9A19103F-16F7-4668-BE54-9A1E7A4F7556}") = "GameStore.MVC", "GameStore.MVC\GameStore.MVC.csproj", "{7E4F5744-E135-4B96-AADE-FF9C896251E0}"
EndProject
Project("{9A19103F-16F7-4668-BE54-9A1E7A4F7556}") = "GameStore.Domain", "GameStore.Domain\GameStore.Domain.csproj", "{54375209-2C24-450A-8E3A-40BA8FAD5808}"
EndProject
Project("{9A19103F-16F7-4668-BE54-9A1E7A4F7556}") = "GameStore.Infrastructure", "GameStore.Infrastructure\GameStore.Infrastructure.csproj", "{A7882249-6418-410F-961D-42F67A2C2E05}"
EndProject
Project("{9A19103F-16F7-4668-BE54-9A1E7A4F7556}") = "GameStore.Application", "GameStore.Application\GameStore.Application.csproj", "{A4256B6E-5223-4573-98EC-B99988BA42C4}"
EndProject
Project("{FAE04EC0-301F-11D3-BF4B-00C04F79EFBC}") = "GameStore.WebApi", "GameStore.Api\GameStore.WebApi.csproj", "{F5035A2F-59FC-4E0B-B5EF-60F8F9E3F724}"
EndProject
Global
	GlobalSection(SolutionConfigurationPlatforms) = preSolution
		Debug|Any CPU = Debug|Any CPU
		Release|Any CPU = Release|Any CPU
	EndGlobalSection
	GlobalSection(ProjectConfigurationPlatforms) = postSolution
		{7E4F5744-E135-4B96-AADE-FF9C896251E0}.Debug|Any CPU.ActiveCfg = Debug|Any CPU
		{7E4F5744-E135-4B96-AADE-FF9C896251E0}.Debug|Any CPU.Build.0 = Debug|Any CPU
		{7E4F5744-E135-4B96-AADE-FF9C896251E0}.Release|Any CPU.ActiveCfg = Release|Any CPU
		{7E4F5744-E135-4B96-AADE-FF9C896251E0}.Release|Any CPU.Build.0 = Release|Any CPU
		{54375209-2C24-450A-8E3A-40BA8FAD5808}.Debug|Any CPU.ActiveCfg = Debug|Any CPU
		{54375209-2C24-450A-8E3A-40BA8FAD5808}.Debug|Any CPU.Build.0 = Debug|Any CPU
		{54375209-2C24-450A-8E3A-40BA8FAD5808}.Release|Any CPU.ActiveCfg = Release|Any CPU
		{54375209-2C24-450A-8E3A-40BA8FAD5808}.Release|Any CPU.Build.0 = Release|Any CPU
		{A7882249-6418-410F-961D-42F67A2C2E05}.Debug|Any CPU.ActiveCfg = Debug|Any CPU
		{A7882249-6418-410F-961D-42F67A2C2E05}.Debug|Any CPU.Build.0 = Debug|Any CPU
		{A7882249-6418-410F-961D-42F67A2C2E05}.Release|Any CPU.ActiveCfg = Release|Any CPU
		{A7882249-6418-410F-961D-42F67A2C2E05}.Release|Any CPU.Build.0 = Release|Any CPU
		{A4256B6E-5223-4573-98EC-B99988BA42C4}.Debug|Any CPU.ActiveCfg = Debug|Any CPU
		{A4256B6E-5223-4573-98EC-B99988BA42C4}.Debug|Any CPU.Build.0 = Debug|Any CPU
		{A4256B6E-5223-4573-98EC-B99988BA42C4}.Release|Any CPU.ActiveCfg = Release|Any CPU
		{A4256B6E-5223-4573-98EC-B99988BA42C4}.Release|Any CPU.Build.0 = Release|Any CPU
		{F5035A2F-59FC-4E0B-B5EF-60F8F9E3F724}.Debug|Any CPU.ActiveCfg = Debug|Any CPU
		{F5035A2F-59FC-4E0B-B5EF-60F8F9E3F724}.Debug|Any CPU.Build.0 = Debug|Any CPU
		{F5035A2F-59FC-4E0B-B5EF-60F8F9E3F724}.Release|Any CPU.ActiveCfg = Release|Any CPU
		{F5035A2F-59FC-4E0B-B5EF-60F8F9E3F724}.Release|Any CPU.Build.0 = Release|Any CPU
	EndGlobalSection
	GlobalSection(SolutionProperties) = preSolution
		HideSolutionNode = FALSE
	EndGlobalSection
	GlobalSection(ExtensibilityGlobals) = postSolution
		SolutionGuid = {996687CB-196B-4E92-B97A-FB3AC19E531B}
	EndGlobalSection
EndGlobal
